
Microsoft Visual Studio Solution File, Format Version 12.00
# Visual Studio Version 16
VisualStudioVersion = 16.0.30804.86
MinimumVisualStudioVersion = 10.0.40219.1
Project("{FAE04EC0-301F-11D3-BF4B-00C04F79EFBC}") = "AulaGit", "AulaGit\AulaGit.csproj", "{32838406-52B3-468F-AE68-311F488400FA}"
EndProject
Global
	GlobalSection(SolutionConfigurationPlatforms) = preSolution
		Debug|Any CPU = Debug|Any CPU
		Release|Any CPU = Release|Any CPU
	EndGlobalSection
	GlobalSection(ProjectConfigurationPlatforms) = postSolution
		{32838406-52B3-468F-AE68-311F488400FA}.Debug|Any CPU.ActiveCfg = Debug|Any CPU
		{32838406-52B3-468F-AE68-311F488400FA}.Debug|Any CPU.Build.0 = Debug|Any CPU
		{32838406-52B3-468F-AE68-311F488400FA}.Release|Any CPU.ActiveCfg = Release|Any CPU
		{32838406-52B3-468F-AE68-311F488400FA}.Release|Any CPU.Build.0 = Release|Any CPU
	EndGlobalSection
	GlobalSection(SolutionProperties) = preSolution
		HideSolutionNode = FALSE
	EndGlobalSection
	GlobalSection(ExtensibilityGlobals) = postSolution
		SolutionGuid = {0C344BD0-7689-4763-908E-2E4F6FECCF33}
	EndGlobalSection
EndGlobal
